
Microsoft Visual Studio Solution File, Format Version 12.00
# Visual Studio Version 17
VisualStudioVersion = 17.0.31903.59
MinimumVisualStudioVersion = 10.0.40219.1
Project("{2150E333-8FDC-42A3-9474-1A3956D46DE8}") = "src", "src", "{827E0CD3-B72D-47B6-A68D-7590B98EB39B}"
EndProject
Project("{FAE04EC0-301F-11D3-BF4B-00C04F79EFBC}") = "Domain", "src\Domain\Domain.csproj", "{BD1ADE5C-67FB-4D74-BC05-00F2E3ABBC85}"
EndProject
Project("{FAE04EC0-301F-11D3-BF4B-00C04F79EFBC}") = "Application", "src\Application\Application.csproj", "{29139281-936D-4A1B-8048-A8EC5F457D8E}"
EndProject
Project("{FAE04EC0-301F-11D3-BF4B-00C04F79EFBC}") = "Infrastructure", "src\Infrastructure\Infrastructure.csproj", "{60277FA8-39AE-4A06-A620-5FFD20B11BD0}"
EndProject
Project("{FAE04EC0-301F-11D3-BF4B-00C04F79EFBC}") = "Web", "src\Web\Web.csproj", "{5D816CA9-F53D-4C94-9D31-B4227E5FCCB7}"
EndProject
Project("{2150E333-8FDC-42A3-9474-1A3956D46DE8}") = "Solution Items", "Solution Items", "{8EC462FD-D22E-90A8-E5CE-7E832BA40C5D}"
	ProjectSection(SolutionItems) = preProject
		.gitignore = .gitignore
	EndProjectSection
EndProject
Global
	GlobalSection(SolutionConfigurationPlatforms) = preSolution
		Debug|Any CPU = Debug|Any CPU
		Debug|x64 = Debug|x64
		Debug|x86 = Debug|x86
		Release|Any CPU = Release|Any CPU
		Release|x64 = Release|x64
		Release|x86 = Release|x86
	EndGlobalSection
	GlobalSection(ProjectConfigurationPlatforms) = postSolution
		{BD1ADE5C-67FB-4D74-BC05-00F2E3ABBC85}.Debug|Any CPU.ActiveCfg = Debug|Any CPU
		{BD1ADE5C-67FB-4D74-BC05-00F2E3ABBC85}.Debug|Any CPU.Build.0 = Debug|Any CPU
		{BD1ADE5C-67FB-4D74-BC05-00F2E3ABBC85}.Debug|x64.ActiveCfg = Debug|Any CPU
		{BD1ADE5C-67FB-4D74-BC05-00F2E3ABBC85}.Debug|x64.Build.0 = Debug|Any CPU
		{BD1ADE5C-67FB-4D74-BC05-00F2E3ABBC85}.Debug|x86.ActiveCfg = Debug|Any CPU
		{BD1ADE5C-67FB-4D74-BC05-00F2E3ABBC85}.Debug|x86.Build.0 = Debug|Any CPU
		{BD1ADE5C-67FB-4D74-BC05-00F2E3ABBC85}.Release|Any CPU.ActiveCfg = Release|Any CPU
		{BD1ADE5C-67FB-4D74-BC05-00F2E3ABBC85}.Release|Any CPU.Build.0 = Release|Any CPU
		{BD1ADE5C-67FB-4D74-BC05-00F2E3ABBC85}.Release|x64.ActiveCfg = Release|Any CPU
		{BD1ADE5C-67FB-4D74-BC05-00F2E3ABBC85}.Release|x64.Build.0 = Release|Any CPU
		{BD1ADE5C-67FB-4D74-BC05-00F2E3ABBC85}.Release|x86.ActiveCfg = Release|Any CPU
		{BD1ADE5C-67FB-4D74-BC05-00F2E3ABBC85}.Release|x86.Build.0 = Release|Any CPU
		{29139281-936D-4A1B-8048-A8EC5F457D8E}.Debug|Any CPU.ActiveCfg = Debug|Any CPU
		{29139281-936D-4A1B-8048-A8EC5F457D8E}.Debug|Any CPU.Build.0 = Debug|Any CPU
		{29139281-936D-4A1B-8048-A8EC5F457D8E}.Debug|x64.ActiveCfg = Debug|Any CPU
		{29139281-936D-4A1B-8048-A8EC5F457D8E}.Debug|x64.Build.0 = Debug|Any CPU
		{29139281-936D-4A1B-8048-A8EC5F457D8E}.Debug|x86.ActiveCfg = Debug|Any CPU
		{29139281-936D-4A1B-8048-A8EC5F457D8E}.Debug|x86.Build.0 = Debug|Any CPU
		{29139281-936D-4A1B-8048-A8EC5F457D8E}.Release|Any CPU.ActiveCfg = Release|Any CPU
		{29139281-936D-4A1B-8048-A8EC5F457D8E}.Release|Any CPU.Build.0 = Release|Any CPU
		{29139281-936D-4A1B-8048-A8EC5F457D8E}.Release|x64.ActiveCfg = Release|Any CPU
		{29139281-936D-4A1B-8048-A8EC5F457D8E}.Release|x64.Build.0 = Release|Any CPU
		{29139281-936D-4A1B-8048-A8EC5F457D8E}.Release|x86.ActiveCfg = Release|Any CPU
		{29139281-936D-4A1B-8048-A8EC5F457D8E}.Release|x86.Build.0 = Release|Any CPU
		{60277FA8-39AE-4A06-A620-5FFD20B11BD0}.Debug|Any CPU.ActiveCfg = Debug|Any CPU
		{60277FA8-39AE-4A06-A620-5FFD20B11BD0}.Debug|Any CPU.Build.0 = Debug|Any CPU
		{60277FA8-39AE-4A06-A620-5FFD20B11BD0}.Debug|x64.ActiveCfg = Debug|Any CPU
		{60277FA8-39AE-4A06-A620-5FFD20B11BD0}.Debug|x64.Build.0 = Debug|Any CPU
		{60277FA8-39AE-4A06-A620-5FFD20B11BD0}.Debug|x86.ActiveCfg = Debug|Any CPU
		{60277FA8-39AE-4A06-A620-5FFD20B11BD0}.Debug|x86.Build.0 = Debug|Any CPU
		{60277FA8-39AE-4A06-A620-5FFD20B11BD0}.Release|Any CPU.ActiveCfg = Release|Any CPU
		{60277FA8-39AE-4A06-A620-5FFD20B11BD0}.Release|Any CPU.Build.0 = Release|Any CPU
		{60277FA8-39AE-4A06-A620-5FFD20B11BD0}.Release|x64.ActiveCfg = Release|Any CPU
		{60277FA8-39AE-4A06-A620-5FFD20B11BD0}.Release|x64.Build.0 = Release|Any CPU
		{60277FA8-39AE-4A06-A620-5FFD20B11BD0}.Release|x86.ActiveCfg = Release|Any CPU
		{60277FA8-39AE-4A06-A620-5FFD20B11BD0}.Release|x86.Build.0 = Release|Any CPU
		{5D816CA9-F53D-4C94-9D31-B4227E5FCCB7}.Debug|Any CPU.ActiveCfg = Debug|Any CPU
		{5D816CA9-F53D-4C94-9D31-B4227E5FCCB7}.Debug|Any CPU.Build.0 = Debug|Any CPU
		{5D816CA9-F53D-4C94-9D31-B4227E5FCCB7}.Debug|x64.ActiveCfg = Debug|Any CPU
		{5D816CA9-F53D-4C94-9D31-B4227E5FCCB7}.Debug|x64.Build.0 = Debug|Any CPU
		{5D816CA9-F53D-4C94-9D31-B4227E5FCCB7}.Debug|x86.ActiveCfg = Debug|Any CPU
		{5D816CA9-F53D-4C94-9D31-B4227E5FCCB7}.Debug|x86.Build.0 = Debug|Any CPU
		{5D816CA9-F53D-4C94-9D31-B4227E5FCCB7}.Release|Any CPU.ActiveCfg = Release|Any CPU
		{5D816CA9-F53D-4C94-9D31-B4227E5FCCB7}.Release|Any CPU.Build.0 = Release|Any CPU
		{5D816CA9-F53D-4C94-9D31-B4227E5FCCB7}.Release|x64.ActiveCfg = Release|Any CPU
		{5D816CA9-F53D-4C94-9D31-B4227E5FCCB7}.Release|x64.Build.0 = Release|Any CPU
		{5D816CA9-F53D-4C94-9D31-B4227E5FCCB7}.Release|x86.ActiveCfg = Release|Any CPU
		{5D816CA9-F53D-4C94-9D31-B4227E5FCCB7}.Release|x86.Build.0 = Release|Any CPU
	EndGlobalSection
	GlobalSection(SolutionProperties) = preSolution
		HideSolutionNode = FALSE
	EndGlobalSection
	GlobalSection(NestedProjects) = preSolution
		{BD1ADE5C-67FB-4D74-BC05-00F2E3ABBC85} = {827E0CD3-B72D-47B6-A68D-7590B98EB39B}
		{29139281-936D-4A1B-8048-A8EC5F457D8E} = {827E0CD3-B72D-47B6-A68D-7590B98EB39B}
		{60277FA8-39AE-4A06-A620-5FFD20B11BD0} = {827E0CD3-B72D-47B6-A68D-7590B98EB39B}
		{5D816CA9-F53D-4C94-9D31-B4227E5FCCB7} = {827E0CD3-B72D-47B6-A68D-7590B98EB39B}
	EndGlobalSection
	GlobalSection(ExtensibilityGlobals) = postSolution
		SolutionGuid = {618058F4-1281-426A-B981-BFF897EFBFFC}
	EndGlobalSection
EndGlobal
